
Microsoft Visual Studio Solution File, Format Version 12.00
# Visual Studio Version 17
VisualStudioVersion = 17.7.34221.43
MinimumVisualStudioVersion = 10.0.40219.1
Project("{9A19103F-16F7-4668-BE54-9A1E7A4F7556}") = "Latelier.Services", "Latelier.Services\Latelier.Services.csproj", "{454A8D2B-0732-44E5-AC6C-DB667B15CBCF}"
EndProject
Project("{9A19103F-16F7-4668-BE54-9A1E7A4F7556}") = "Latelier.Services.Tests", "Latelier.Services.Tests\Latelier.Services.Tests.csproj", "{D711B2FF-050A-455F-8DDA-ACCD8897712F}"
EndProject
Global
	GlobalSection(SolutionConfigurationPlatforms) = preSolution
		Debug|Any CPU = Debug|Any CPU
		Release|Any CPU = Release|Any CPU
	EndGlobalSection
	GlobalSection(ProjectConfigurationPlatforms) = postSolution
		{454A8D2B-0732-44E5-AC6C-DB667B15CBCF}.Debug|Any CPU.ActiveCfg = Debug|Any CPU
		{454A8D2B-0732-44E5-AC6C-DB667B15CBCF}.Debug|Any CPU.Build.0 = Debug|Any CPU
		{454A8D2B-0732-44E5-AC6C-DB667B15CBCF}.Release|Any CPU.ActiveCfg = Release|Any CPU
		{454A8D2B-0732-44E5-AC6C-DB667B15CBCF}.Release|Any CPU.Build.0 = Release|Any CPU
		{D711B2FF-050A-455F-8DDA-ACCD8897712F}.Debug|Any CPU.ActiveCfg = Debug|Any CPU
		{D711B2FF-050A-455F-8DDA-ACCD8897712F}.Debug|Any CPU.Build.0 = Debug|Any CPU
		{D711B2FF-050A-455F-8DDA-ACCD8897712F}.Release|Any CPU.ActiveCfg = Release|Any CPU
		{D711B2FF-050A-455F-8DDA-ACCD8897712F}.Release|Any CPU.Build.0 = Release|Any CPU
	EndGlobalSection
	GlobalSection(SolutionProperties) = preSolution
		HideSolutionNode = FALSE
	EndGlobalSection
	GlobalSection(ExtensibilityGlobals) = postSolution
		SolutionGuid = {B30A11CC-95F0-46AC-91B2-B8D1E676C26D}
	EndGlobalSection
EndGlobal
